
Microsoft Visual Studio Solution File, Format Version 12.00
# Visual Studio Version 17
VisualStudioVersion = 17.7.34031.279
MinimumVisualStudioVersion = 10.0.40219.1
Project("{FAE04EC0-301F-11D3-BF4B-00C04F79EFBC}") = "sem3_DA", "sem3_DA\sem3_DA.csproj", "{7613B665-ABDB-4129-8EE3-B36DC16A99F8}"
EndProject
Global
	GlobalSection(SolutionConfigurationPlatforms) = preSolution
		Debug|Any CPU = Debug|Any CPU
		Release|Any CPU = Release|Any CPU
	EndGlobalSection
	GlobalSection(ProjectConfigurationPlatforms) = postSolution
		{7613B665-ABDB-4129-8EE3-B36DC16A99F8}.Debug|Any CPU.ActiveCfg = Debug|Any CPU
		{7613B665-ABDB-4129-8EE3-B36DC16A99F8}.Debug|Any CPU.Build.0 = Debug|Any CPU
		{7613B665-ABDB-4129-8EE3-B36DC16A99F8}.Release|Any CPU.ActiveCfg = Release|Any CPU
		{7613B665-ABDB-4129-8EE3-B36DC16A99F8}.Release|Any CPU.Build.0 = Release|Any CPU
	EndGlobalSection
	GlobalSection(SolutionProperties) = preSolution
		HideSolutionNode = FALSE
	EndGlobalSection
	GlobalSection(ExtensibilityGlobals) = postSolution
		SolutionGuid = {2D7819EA-6706-401D-A40B-81E1253DB2DF}
	EndGlobalSection
EndGlobal
